# This file is @generated by PDM.
# It is not intended for manual editing.

[metadata]
groups = ["default"]
strategy = ["inherit_metadata"]
lock_version = "4.5.0"
content_hash = "sha256:759bc2596eafa1b7019f260cf441e2e40025a0ac459c4d503390ddf59f32a28a"

[[metadata.targets]]
requires_python = ">=3.8"

[[package]]
name = "pip"
version = "24.1.2"
requires_python = ">=3.8"
summary = "The PyPA recommended tool for installing Python packages."
groups = ["default"]
files = [
    {file = "pip-24.1.2-py3-none-any.whl", hash = "sha256:7cd207eed4c60b0f411b444cd1464198fe186671c323b6cd6d433ed80fc9d247"},
    {file = "pip-24.1.2.tar.gz", hash = "sha256:e5458a0b89f2755e0ee8c0c77613fe5273e05f337907874d64f13171a898a7ff"},
]
